// !$*UTF8*$!
{
	archiveVersion = 1;
	classes = {
	};
	objectVersion = 46;
	objects = {

/* Begin PBXBuildFile section */
		C6EAA3E91CCA645A0012AC6F /* AppDelegate.swift in Sources */ = {isa = PBXBuildFile; fileRef = C6EAA3E81CCA645A0012AC6F /* AppDelegate.swift */; };
		C6EAA3EB1CCA645A0012AC6F /* Assets.xcassets in Resources */ = {isa = PBXBuildFile; fileRef = C6EAA3EA1CCA645A0012AC6F /* Assets.xcassets */; };
		C6EAA3EE1CCA645A0012AC6F /* MainMenu.xib in Resources */ = {isa = PBXBuildFile; fileRef = C6EAA3EC1CCA645A0012AC6F /* MainMenu.xib */; };
/* End PBXBuildFile section */

/* Begin PBXFileReference section */
		C6EAA3E51CCA645A0012AC6F /* SayThis.app */ = {isa = PBXFileReference; explicitFileType = wrapper.application; includeInIndex = 0; path = SayThis.app; sourceTree = BUILT_PRODUCTS_DIR; };
		C6EAA3E81CCA645A0012AC6F /* AppDelegate.swift */ = {isa = PBXFileReference; lastKnownFileType = sourcecode.swift; path = AppDelegate.swift; sourceTree = "<group>"; };
		C6EAA3EA1CCA645A0012AC6F /* Assets.xcassets */ = {isa = PBXFileReference; lastKnownFileType = folder.assetcatalog; path = Assets.xcassets; sourceTree = "<group>"; };
		C6EAA3ED1CCA645A0012AC6F /* Base */ = {isa = PBXFileReference; lastKnownFileType = file.xib; name = Base; path = Base.lproj/MainMenu.xib; sourceTree = "<group>"; };
		C6EAA3EF1CCA645A0012AC6F /* Info.plist */ = {isa = PBXFileReference; lastKnownFileType = text.plist.xml; path = Info.plist; sourceTree = "<group>"; };
/* End PBXFileReference section */

/* Begin PBXFrameworksBuildPhase section */
		C6EAA3E21CCA645A0012AC6F /* Frameworks */ = {
			isa = PBXFrameworksBuildPhase;
			buildActionMask = 2147483647;
			files = (
			);
			runOnlyForDeploymentPostprocessing = 0;
		};
/* End PBXFrameworksBuildPhase section */

/* Begin PBXGroup section */
		C6EAA3DC1CCA64590012AC6F = {
			isa = PBXGroup;
			children = (
				C6EAA3E71CCA645A0012AC6F /* SayThis */,
				C6EAA3E61CCA645A0012AC6F /* Products */,
			);
			sourceTree = "<group>";
		};
		C6EAA3E61CCA645A0012AC6F /* Products */ = {
			isa = PBXGroup;
			children = (
				C6EAA3E51CCA645A0012AC6F /* SayThis.app */,
			);
			name = Products;
			sourceTree = "<group>";
		};
		C6EAA3E71CCA645A0012AC6F /* SayThis */ = {
			isa = PBXGroup;
			children = (
				C6EAA3E81CCA645A0012AC6F /* AppDelegate.swift */,
				C6EAA3EA1CCA645A0012AC6F /* Assets.xcassets */,
				C6EAA3EC1CCA645A0012AC6F /* MainMenu.xib */,
				C6EAA3EF1CCA645A0012AC6F /* Info.plist */,
			);
			path = SayThis;
			sourceTree = "<group>";
		};
/* End PBXGroup section */

/* Begin PBXNativeTarget section */
		C6EAA3E41CCA645A0012AC6F /* SayThis */ = {
			isa = PBXNativeTarget;
			buildConfigurationList = C6EAA3F21CCA645A0012AC6F /* Build configuration list for PBXNativeTarget "SayThis" */;
			buildPhases = (
				C6EAA3E11CCA645A0012AC6F /* Sources */,
				C6EAA3E21CCA645A0012AC6F /* Frameworks */,
				C6EAA3E31CCA645A0012AC6F /* Resources */,
			);
			buildRules = (
			);
			dependencies = (
			);
			name = SayThis;
			productName = SayThis;
			productReference = C6EAA3E51CCA645A0012AC6F /* SayThis.app */;
			productType = "com.apple.product-type.application";
		};
/* End PBXNativeTarget section */

/* Begin PBXProject section */
		C6EAA3DD1CCA64590012AC6F /* Project object */ = {
			isa = PBXProject;
			attributes = {
				LastSwiftUpdateCheck = 0730;
				LastUpgradeCheck = 0730;
				ORGANIZATIONNAME = Armin;
				TargetAttributes = {
					C6EAA3E41CCA645A0012AC6F = {
						CreatedOnToolsVersion = 7.3;
					};
				};
			};
			buildConfigurationList = C6EAA3E01CCA64590012AC6F /* Build configuration list for PBXProject "SayThis" */;
			compatibilityVersion = "Xcode 3.2";
			developmentRegion = English;
			hasScannedForEncodings = 0;
			knownRegions = (
				en,
				Base,
			);
			mainGroup = C6EAA3DC1CCA64590012AC6F;
			productRefGroup = C6EAA3E61CCA645A0012AC6F /* Products */;
			projectDirPath = "";
			projectRoot = "";
			targets = (
				C6EAA3E41CCA645A0012AC6F /* SayThis */,
			);
		};
/* End PBXProject section */

/* Begin PBXResourcesBuildPhase section */
		C6EAA3E31CCA645A0012AC6F /* Resources */ = {
			isa = PBXResourcesBuildPhase;
			buildActionMask = 2147483647;
			files = (
				C6EAA3EB1CCA645A0012AC6F /* Assets.xcassets in Resources */,
				C6EAA3EE1CCA645A0012AC6F /* MainMenu.xib in Resources */,
			);
			runOnlyForDeploymentPostprocessing = 0;
		};
/* End PBXResourcesBuildPhase section */

/* Begin PBXSourcesBuildPhase section */
		C6EAA3E11CCA645A0012AC6F /* Sources */ = {
			isa = PBXSourcesBuildPhase;
			buildActionMask = 2147483647;
			files = (
				C6EAA3E91CCA645A0012AC6F /* AppDelegate.swift in Sources */,
			);
			runOnlyForDeploymentPostprocessing = 0;
		};
/* End PBXSourcesBuildPhase section */

/* Begin PBXVariantGroup section */
		C6EAA3EC1CCA645A0012AC6F /* MainMenu.xib */ = {
			isa = PBXVariantGroup;
			children = (
				C6EAA3ED1CCA645A0012AC6F /* Base */,
			);
			name = MainMenu.xib;
			sourceTree = "<group>";
		};
/* End PBXVariantGroup section */

/* Begin XCBuildConfiguration section */
		C6EAA3F01CCA645A0012AC6F /* Debug */ = {
			isa = XCBuildConfiguration;
			buildSettings = {
				ALWAYS_SEARCH_USER_PATHS = NO;
				CLANG_ANALYZER_NONNULL = YES;
				CLANG_CXX_LANGUAGE_STANDARD = "gnu++0x";
				CLANG_CXX_LIBRARY = "libc++";
				CLANG_ENABLE_MODULES = YES;
				CLANG_ENABLE_OBJC_ARC = YES;
				CLANG_WARN_BOOL_CONVERSION = YES;
				CLANG_WARN_CONSTANT_CONVERSION = YES;
				CLANG_WARN_DIRECT_OBJC_ISA_USAGE = YES_ERROR;
				CLANG_WARN_EMPTY_BODY = YES;
				CLANG_WARN_ENUM_CONVERSION = YES;
				CLANG_WARN_INT_CONVERSION = YES;
				CLANG_WARN_OBJC_ROOT_CLASS = YES_ERROR;
				CLANG_WARN_UNREACHABLE_CODE = YES;
				CLANG_WARN__DUPLICATE_METHOD_MATCH = YES;
				CODE_SIGN_IDENTITY = "-";
				COPY_PHASE_STRIP = NO;
				DEBUG_INFORMATION_FORMAT = dwarf;
				ENABLE_STRICT_OBJC_MSGSEND = YES;
				ENABLE_TESTABILITY = YES;
				GCC_C_LANGUAGE_STANDARD = gnu99;
				GCC_DYNAMIC_NO_PIC = NO;
				GCC_NO_COMMON_BLOCKS = YES;
				GCC_OPTIMIZATION_LEVEL = 0;
				GCC_PREPROCESSOR_DEFINITIONS = (
					"DEBUG=1",
					"$(inherited)",
				);
				GCC_WARN_64_TO_32_BIT_CONVERSION = YES;
				GCC_WARN_ABOUT_RETURN_TYPE = YES_ERROR;
				GCC_WARN_UNDECLARED_SELECTOR = YES;
				GCC_WARN_UNINITIALIZED_AUTOS = YES_AGGRESSIVE;
				GCC_WARN_UNUSED_FUNCTION = YES;
				GCC_WARN_UNUSED_VARIABLE = YES;
				MACOSX_DEPLOYMENT_TARGET = 10.11;
				MTL_ENABLE_DEBUG_INFO = YES;
				ONLY_ACTIVE_ARCH = YES;
				SDKROOT = macosx;
				SWIFT_OPTIMIZATION_LEVEL = "-Onone";
			};
			name = Debug;
		};
		C6EAA3F11CCA645A0012AC6F /* Release */ = {
			isa = XCBuildConfiguration;
			buildSettings = {
				ALWAYS_SEARCH_USER_PATHS = NO;
				CLANG_ANALYZER_NONNULL = YES;
				CLANG_CXX_LANGUAGE_STANDARD = "gnu++0x";
				CLANG_CXX_LIBRARY = "libc++";
				CLANG_ENABLE_MODULES = YES;
				CLANG_ENABLE_OBJC_ARC = YES;
				CLANG_WARN_BOOL_CONVERSION = YES;
				CLANG_WARN_CONSTANT_CONVERSION = YES;
				CLANG_WARN_DIRECT_OBJC_ISA_USAGE = YES_ERROR;
				CLANG_WARN_EMPTY_BODY = YES;
				CLANG_WARN_ENUM_CONVERSION = YES;
				CLANG_WARN_INT_CONVERSION = YES;
				CLANG_WARN_OBJC_ROOT_CLASS = YES_ERROR;
				CLANG_WARN_UNREACHABLE_CODE = YES;
				CLANG_WARN__DUPLICATE_METHOD_MATCH = YES;
				CODE_SIGN_IDENTITY = "-";
				COPY_PHASE_STRIP = NO;
				DEBUG_INFORMATION_FORMAT = "dwarf-with-dsym";
				ENABLE_NS_ASSERTIONS = NO;
				ENABLE_STRICT_OBJC_MSGSEND = YES;
				GCC_C_LANGUAGE_STANDARD = gnu99;
				GCC_NO_COMMON_BLOCKS = YES;
				GCC_WARN_64_TO_32_BIT_CONVERSION = YES;
				GCC_WARN_ABOUT_RETURN_TYPE = YES_ERROR;
				GCC_WARN_UNDECLARED_SELECTOR = YES;
				GCC_WARN_UNINITIALIZED_AUTOS = YES_AGGRESSIVE;
				GCC_WARN_UNUSED_FUNCTION = YES;
				GCC_WARN_UNUSED_VARIABLE = YES;
				MACOSX_DEPLOYMENT_TARGET = 10.11;
				MTL_ENABLE_DEBUG_INFO = NO;
				SDKROOT = macosx;
			};
			name = Release;
		};
		C6EAA3F31CCA645A0012AC6F /* Debug */ = {
			isa = XCBuildConfiguration;
			buildSettings = {
				ASSETCATALOG_COMPILER_APPICON_NAME = AppIcon;
				COMBINE_HIDPI_IMAGES = YES;
				INFOPLIST_FILE = SayThis/Info.plist;
				LD_RUNPATH_SEARCH_PATHS = "$(inherited) @executable_path/../Frameworks";
				PRODUCT_BUNDLE_IDENTIFIER = com.scriptingosx.SayThis;
				PRODUCT_NAME = "$(TARGET_NAME)";
			};
			name = Debug;
		};
		C6EAA3F41CCA645A0012AC6F /* Release */ = {
			isa = XCBuildConfiguration;
			buildSettings = {
				ASSETCATALOG_COMPILER_APPICON_NAME = AppIcon;
				COMBINE_HIDPI_IMAGES = YES;
				INFOPLIST_FILE = SayThis/Info.plist;
				LD_RUNPATH_SEARCH_PATHS = "$(inherited) @executable_path/../Frameworks";
				PRODUCT_BUNDLE_IDENTIFIER = com.scriptingosx.SayThis;
				PRODUCT_NAME = "$(TARGET_NAME)";
			};
			name = Release;
		};
/* End XCBuildConfiguration section */

/* Begin XCConfigurationList section */
		C6EAA3E01CCA64590012AC6F /* Build configuration list for PBXProject "SayThis" */ = {
			isa = XCConfigurationList;
			buildConfigurations = (
				C6EAA3F01CCA645A0012AC6F /* Debug */,
				C6EAA3F11CCA645A0012AC6F /* Release */,
			);
			defaultConfigurationIsVisible = 0;
			defaultConfigurationName = Release;
		};
		C6EAA3F21CCA645A0012AC6F /* Build configuration list for PBXNativeTarget "SayThis" */ = {
			isa = XCConfigurationList;
			buildConfigurations = (
				C6EAA3F31CCA645A0012AC6F /* Debug */,
				C6EAA3F41CCA645A0012AC6F /* Release */,
			);
			defaultConfigurationIsVisible = 0;
		};
/* End XCConfigurationList section */
	};
	rootObject = C6EAA3DD1CCA64590012AC6F /* Project object */;
}
